// !$*UTF8*$!
{
	archiveVersion = 1;
	classes = {
	};
	objectVersion = 46;
	objects = {

/* Begin PBXBuildFile section */
		492C65521D6969B3007D42BE /* CategoriesTableViewController.swift in Sources */ = {isa = PBXBuildFile; fileRef = 492C65511D6969B3007D42BE /* CategoriesTableViewController.swift */; };
		492C65541D696C0E007D42BE /* CategoryTableViewCell.swift in Sources */ = {isa = PBXBuildFile; fileRef = 492C65531D696C0E007D42BE /* CategoryTableViewCell.swift */; };
		492E7C6E1D6B75C5002DF6B5 /* CoreDataTableViewController.swift in Sources */ = {isa = PBXBuildFile; fileRef = 492E7C6D1D6B75C5002DF6B5 /* CoreDataTableViewController.swift */; };
		492E7C701D6B8816002DF6B5 /* CreateNewCategoryViewController.swift in Sources */ = {isa = PBXBuildFile; fileRef = 492E7C6F1D6B8816002DF6B5 /* CreateNewCategoryViewController.swift */; };
		493B2A421D73BF2100179ED3 /* ExpensesTableViewController.swift in Sources */ = {isa = PBXBuildFile; fileRef = 493B2A411D73BF2100179ED3 /* ExpensesTableViewController.swift */; };
		493B2A441D73C04900179ED3 /* CreateNewExpenseViewController.swift in Sources */ = {isa = PBXBuildFile; fileRef = 493B2A431D73C04900179ED3 /* CreateNewExpenseViewController.swift */; };
		493B2A461D73C17F00179ED3 /* ExpenseTableViewCell.swift in Sources */ = {isa = PBXBuildFile; fileRef = 493B2A451D73C17F00179ED3 /* ExpenseTableViewCell.swift */; };
		493B2A501D73DFCA00179ED3 /* Budget+CoreDataProperties.swift in Sources */ = {isa = PBXBuildFile; fileRef = 493B2A4A1D73DFCA00179ED3 /* Budget+CoreDataProperties.swift */; };
		493B2A521D73DFCA00179ED3 /* Category+CoreDataProperties.swift in Sources */ = {isa = PBXBuildFile; fileRef = 493B2A4C1D73DFCA00179ED3 /* Category+CoreDataProperties.swift */; };
		493B2A541D73DFCA00179ED3 /* Expense+CoreDataProperties.swift in Sources */ = {isa = PBXBuildFile; fileRef = 493B2A4E1D73DFCA00179ED3 /* Expense+CoreDataProperties.swift */; };
		4940017A1D623A2B00E21ADC /* AppDelegate.swift in Sources */ = {isa = PBXBuildFile; fileRef = 494001791D623A2B00E21ADC /* AppDelegate.swift */; };
		4940017F1D623A2B00E21ADC /* Main.storyboard in Resources */ = {isa = PBXBuildFile; fileRef = 4940017D1D623A2B00E21ADC /* Main.storyboard */; };
		494001821D623A2B00E21ADC /* Savers_Sidekick.xcdatamodeld in Sources */ = {isa = PBXBuildFile; fileRef = 494001801D623A2B00E21ADC /* Savers_Sidekick.xcdatamodeld */; };
		494001841D623A2B00E21ADC /* Assets.xcassets in Resources */ = {isa = PBXBuildFile; fileRef = 494001831D623A2B00E21ADC /* Assets.xcassets */; };
		494001871D623A2B00E21ADC /* LaunchScreen.storyboard in Resources */ = {isa = PBXBuildFile; fileRef = 494001851D623A2B00E21ADC /* LaunchScreen.storyboard */; };
		4940019D1D624C2D00E21ADC /* BudgetsTableViewController.swift in Sources */ = {isa = PBXBuildFile; fileRef = 4940019C1D624C2D00E21ADC /* BudgetsTableViewController.swift */; };
		4940019F1D6252D900E21ADC /* BudgetTableViewCell.swift in Sources */ = {isa = PBXBuildFile; fileRef = 4940019E1D6252D900E21ADC /* BudgetTableViewCell.swift */; };
		494001A11D626E9100E21ADC /* CreateNewBudgetViewController.swift in Sources */ = {isa = PBXBuildFile; fileRef = 494001A01D626E9100E21ADC /* CreateNewBudgetViewController.swift */; };
		494366B21D6AB59900B3D6B1 /* Category.swift in Sources */ = {isa = PBXBuildFile; fileRef = 494366AC1D6AB59900B3D6B1 /* Category.swift */; };
		494366B41D6AB59900B3D6B1 /* Budget.swift in Sources */ = {isa = PBXBuildFile; fileRef = 494366AE1D6AB59900B3D6B1 /* Budget.swift */; };
		494366B61D6AB59900B3D6B1 /* Expense.swift in Sources */ = {isa = PBXBuildFile; fileRef = 494366B01D6AB59900B3D6B1 /* Expense.swift */; };
/* End PBXBuildFile section */

/* Begin PBXFileReference section */
		492C65511D6969B3007D42BE /* CategoriesTableViewController.swift */ = {isa = PBXFileReference; fileEncoding = 4; lastKnownFileType = sourcecode.swift; path = CategoriesTableViewController.swift; sourceTree = "<group>"; };
		492C65531D696C0E007D42BE /* CategoryTableViewCell.swift */ = {isa = PBXFileReference; fileEncoding = 4; lastKnownFileType = sourcecode.swift; path = CategoryTableViewCell.swift; sourceTree = "<group>"; };
		492E7C6D1D6B75C5002DF6B5 /* CoreDataTableViewController.swift */ = {isa = PBXFileReference; fileEncoding = 4; lastKnownFileType = sourcecode.swift; path = CoreDataTableViewController.swift; sourceTree = "<group>"; };
		492E7C6F1D6B8816002DF6B5 /* CreateNewCategoryViewController.swift */ = {isa = PBXFileReference; fileEncoding = 4; lastKnownFileType = sourcecode.swift; path = CreateNewCategoryViewController.swift; sourceTree = "<group>"; };
		493B2A411D73BF2100179ED3 /* ExpensesTableViewController.swift */ = {isa = PBXFileReference; fileEncoding = 4; lastKnownFileType = sourcecode.swift; path = ExpensesTableViewController.swift; sourceTree = "<group>"; };
		493B2A431D73C04900179ED3 /* CreateNewExpenseViewController.swift */ = {isa = PBXFileReference; fileEncoding = 4; lastKnownFileType = sourcecode.swift; path = CreateNewExpenseViewController.swift; sourceTree = "<group>"; };
		493B2A451D73C17F00179ED3 /* ExpenseTableViewCell.swift */ = {isa = PBXFileReference; fileEncoding = 4; lastKnownFileType = sourcecode.swift; path = ExpenseTableViewCell.swift; sourceTree = "<group>"; };
		493B2A4A1D73DFCA00179ED3 /* Budget+CoreDataProperties.swift */ = {isa = PBXFileReference; fileEncoding = 4; lastKnownFileType = sourcecode.swift; name = "Budget+CoreDataProperties.swift"; path = "Savers Sidekick/Budget+CoreDataProperties.swift"; sourceTree = "<group>"; };
		493B2A4C1D73DFCA00179ED3 /* Category+CoreDataProperties.swift */ = {isa = PBXFileReference; fileEncoding = 4; lastKnownFileType = sourcecode.swift; name = "Category+CoreDataProperties.swift"; path = "Savers Sidekick/Category+CoreDataProperties.swift"; sourceTree = "<group>"; };
		493B2A4E1D73DFCA00179ED3 /* Expense+CoreDataProperties.swift */ = {isa = PBXFileReference; fileEncoding = 4; lastKnownFileType = sourcecode.swift; name = "Expense+CoreDataProperties.swift"; path = "Savers Sidekick/Expense+CoreDataProperties.swift"; sourceTree = "<group>"; };
		494001761D623A2A00E21ADC /* Savers Sidekick.app */ = {isa = PBXFileReference; explicitFileType = wrapper.application; includeInIndex = 0; path = "Savers Sidekick.app"; sourceTree = BUILT_PRODUCTS_DIR; };
		494001791D623A2B00E21ADC /* AppDelegate.swift */ = {isa = PBXFileReference; lastKnownFileType = sourcecode.swift; path = AppDelegate.swift; sourceTree = "<group>"; };
		4940017E1D623A2B00E21ADC /* Base */ = {isa = PBXFileReference; lastKnownFileType = file.storyboard; name = Base; path = Base.lproj/Main.storyboard; sourceTree = "<group>"; };
		494001811D623A2B00E21ADC /* Savers_Sidekick.xcdatamodel */ = {isa = PBXFileReference; lastKnownFileType = wrapper.xcdatamodel; path = Savers_Sidekick.xcdatamodel; sourceTree = "<group>"; };
		494001831D623A2B00E21ADC /* Assets.xcassets */ = {isa = PBXFileReference; lastKnownFileType = folder.assetcatalog; path = Assets.xcassets; sourceTree = "<group>"; };
		494001861D623A2B00E21ADC /* Base */ = {isa = PBXFileReference; lastKnownFileType = file.storyboard; name = Base; path = Base.lproj/LaunchScreen.storyboard; sourceTree = "<group>"; };
		494001881D623A2B00E21ADC /* Info.plist */ = {isa = PBXFileReference; lastKnownFileType = text.plist.xml; path = Info.plist; sourceTree = "<group>"; };
		4940019C1D624C2D00E21ADC /* BudgetsTableViewController.swift */ = {isa = PBXFileReference; fileEncoding = 4; lastKnownFileType = sourcecode.swift; path = BudgetsTableViewController.swift; sourceTree = "<group>"; };
		4940019E1D6252D900E21ADC /* BudgetTableViewCell.swift */ = {isa = PBXFileReference; fileEncoding = 4; lastKnownFileType = sourcecode.swift; path = BudgetTableViewCell.swift; sourceTree = "<group>"; };
		494001A01D626E9100E21ADC /* CreateNewBudgetViewController.swift */ = {isa = PBXFileReference; fileEncoding = 4; lastKnownFileType = sourcecode.swift; path = CreateNewBudgetViewController.swift; sourceTree = "<group>"; };
		494366AC1D6AB59900B3D6B1 /* Category.swift */ = {isa = PBXFileReference; fileEncoding = 4; lastKnownFileType = sourcecode.swift; path = Category.swift; sourceTree = "<group>"; };
		494366AE1D6AB59900B3D6B1 /* Budget.swift */ = {isa = PBXFileReference; fileEncoding = 4; lastKnownFileType = sourcecode.swift; path = Budget.swift; sourceTree = "<group>"; };
		494366B01D6AB59900B3D6B1 /* Expense.swift */ = {isa = PBXFileReference; fileEncoding = 4; lastKnownFileType = sourcecode.swift; path = Expense.swift; sourceTree = "<group>"; };
/* End PBXFileReference section */

/* Begin PBXFrameworksBuildPhase section */
		494001731D623A2A00E21ADC /* Frameworks */ = {
			isa = PBXFrameworksBuildPhase;
			buildActionMask = 2147483647;
			files = (
			);
			runOnlyForDeploymentPostprocessing = 0;
		};
/* End PBXFrameworksBuildPhase section */

/* Begin PBXGroup section */
		493B2A471D73CDDA00179ED3 /* Expense UI */ = {
			isa = PBXGroup;
			children = (
				493B2A411D73BF2100179ED3 /* ExpensesTableViewController.swift */,
				493B2A431D73C04900179ED3 /* CreateNewExpenseViewController.swift */,
				493B2A451D73C17F00179ED3 /* ExpenseTableViewCell.swift */,
			);
			name = "Expense UI";
			sourceTree = "<group>";
		};
		493B2A481D73CE3E00179ED3 /* Budget UI */ = {
			isa = PBXGroup;
			children = (
				4940019C1D624C2D00E21ADC /* BudgetsTableViewController.swift */,
				494001A01D626E9100E21ADC /* CreateNewBudgetViewController.swift */,
				4940019E1D6252D900E21ADC /* BudgetTableViewCell.swift */,
			);
			name = "Budget UI";
			sourceTree = "<group>";
		};
		493B2A491D73CE4B00179ED3 /* Category UI */ = {
			isa = PBXGroup;
			children = (
				492C65511D6969B3007D42BE /* CategoriesTableViewController.swift */,
				492E7C6F1D6B8816002DF6B5 /* CreateNewCategoryViewController.swift */,
				492C65531D696C0E007D42BE /* CategoryTableViewCell.swift */,
			);
			name = "Category UI";
			sourceTree = "<group>";
		};
		4940016D1D623A2A00E21ADC = {
			isa = PBXGroup;
			children = (
				494001781D623A2B00E21ADC /* Savers Sidekick */,
				494001771D623A2A00E21ADC /* Products */,
			);
			sourceTree = "<group>";
		};
		494001771D623A2A00E21ADC /* Products */ = {
			isa = PBXGroup;
			children = (
				494001761D623A2A00E21ADC /* Savers Sidekick.app */,
			);
			name = Products;
			sourceTree = "<group>";
		};
		494001781D623A2B00E21ADC /* Savers Sidekick */ = {
			isa = PBXGroup;
			children = (
				4940018E1D623AD200E21ADC /* Supporting Files */,
				4940019B1D62463700E21ADC /* Core Data */,
				493B2A481D73CE3E00179ED3 /* Budget UI */,
				493B2A491D73CE4B00179ED3 /* Category UI */,
				493B2A471D73CDDA00179ED3 /* Expense UI */,
				4940017D1D623A2B00E21ADC /* Main.storyboard */,
			);
			path = "Savers Sidekick";
			sourceTree = "<group>";
		};
		4940018E1D623AD200E21ADC /* Supporting Files */ = {
			isa = PBXGroup;
			children = (
				494001791D623A2B00E21ADC /* AppDelegate.swift */,
				494001831D623A2B00E21ADC /* Assets.xcassets */,
				494001851D623A2B00E21ADC /* LaunchScreen.storyboard */,
				494001881D623A2B00E21ADC /* Info.plist */,
			);
			name = "Supporting Files";
			sourceTree = "<group>";
		};
		4940019B1D62463700E21ADC /* Core Data */ = {
			isa = PBXGroup;
			children = (
				492E7C6D1D6B75C5002DF6B5 /* CoreDataTableViewController.swift */,
				493B2A4A1D73DFCA00179ED3 /* Budget+CoreDataProperties.swift */,
				494366AE1D6AB59900B3D6B1 /* Budget.swift */,
				493B2A4C1D73DFCA00179ED3 /* Category+CoreDataProperties.swift */,
				494366AC1D6AB59900B3D6B1 /* Category.swift */,
				493B2A4E1D73DFCA00179ED3 /* Expense+CoreDataProperties.swift */,
				494366B01D6AB59900B3D6B1 /* Expense.swift */,
				494001801D623A2B00E21ADC /* Savers_Sidekick.xcdatamodeld */,
			);
			name = "Core Data";
			path = ..;
			sourceTree = "<group>";
		};
/* End PBXGroup section */

/* Begin PBXNativeTarget section */
		494001751D623A2A00E21ADC /* Savers Sidekick */ = {
			isa = PBXNativeTarget;
			buildConfigurationList = 4940018B1D623A2B00E21ADC /* Build configuration list for PBXNativeTarget "Savers Sidekick" */;
			buildPhases = (
				494001721D623A2A00E21ADC /* Sources */,
				494001731D623A2A00E21ADC /* Frameworks */,
				494001741D623A2A00E21ADC /* Resources */,
			);
			buildRules = (
			);
			dependencies = (
			);
			name = "Savers Sidekick";
			productName = "Savers Sidekick";
			productReference = 494001761D623A2A00E21ADC /* Savers Sidekick.app */;
			productType = "com.apple.product-type.application";
		};
/* End PBXNativeTarget section */

/* Begin PBXProject section */
		4940016E1D623A2A00E21ADC /* Project object */ = {
			isa = PBXProject;
			attributes = {
				LastSwiftUpdateCheck = 0730;
				LastUpgradeCheck = 0830;
				ORGANIZATIONNAME = "Alex Wasserman";
				TargetAttributes = {
					494001751D623A2A00E21ADC = {
						CreatedOnToolsVersion = 7.3;
						DevelopmentTeam = 53N4GUERHD;
						LastSwiftMigration = 0800;
					};
				};
			};
			buildConfigurationList = 494001711D623A2A00E21ADC /* Build configuration list for PBXProject "Savers Sidekick" */;
			compatibilityVersion = "Xcode 3.2";
			developmentRegion = English;
			hasScannedForEncodings = 0;
			knownRegions = (
				en,
				Base,
			);
			mainGroup = 4940016D1D623A2A00E21ADC;
			productRefGroup = 494001771D623A2A00E21ADC /* Products */;
			projectDirPath = "";
			projectRoot = "";
			targets = (
				494001751D623A2A00E21ADC /* Savers Sidekick */,
			);
		};
/* End PBXProject section */

/* Begin PBXResourcesBuildPhase section */
		494001741D623A2A00E21ADC /* Resources */ = {
			isa = PBXResourcesBuildPhase;
			buildActionMask = 2147483647;
			files = (
				494001871D623A2B00E21ADC /* LaunchScreen.storyboard in Resources */,
				494001841D623A2B00E21ADC /* Assets.xcassets in Resources */,
				4940017F1D623A2B00E21ADC /* Main.storyboard in Resources */,
			);
			runOnlyForDeploymentPostprocessing = 0;
		};
/* End PBXResourcesBuildPhase section */

/* Begin PBXSourcesBuildPhase section */
		494001721D623A2A00E21ADC /* Sources */ = {
			isa = PBXSourcesBuildPhase;
			buildActionMask = 2147483647;
			files = (
				493B2A501D73DFCA00179ED3 /* Budget+CoreDataProperties.swift in Sources */,
				493B2A521D73DFCA00179ED3 /* Category+CoreDataProperties.swift in Sources */,
				492E7C701D6B8816002DF6B5 /* CreateNewCategoryViewController.swift in Sources */,
				492E7C6E1D6B75C5002DF6B5 /* CoreDataTableViewController.swift in Sources */,
				4940017A1D623A2B00E21ADC /* AppDelegate.swift in Sources */,
				494001821D623A2B00E21ADC /* Savers_Sidekick.xcdatamodeld in Sources */,
				4940019D1D624C2D00E21ADC /* BudgetsTableViewController.swift in Sources */,
				492C65521D6969B3007D42BE /* CategoriesTableViewController.swift in Sources */,
				493B2A441D73C04900179ED3 /* CreateNewExpenseViewController.swift in Sources */,
				4940019F1D6252D900E21ADC /* BudgetTableViewCell.swift in Sources */,
				493B2A421D73BF2100179ED3 /* ExpensesTableViewController.swift in Sources */,
				493B2A461D73C17F00179ED3 /* ExpenseTableViewCell.swift in Sources */,
				494001A11D626E9100E21ADC /* CreateNewBudgetViewController.swift in Sources */,
				494366B41D6AB59900B3D6B1 /* Budget.swift in Sources */,
				493B2A541D73DFCA00179ED3 /* Expense+CoreDataProperties.swift in Sources */,
				494366B21D6AB59900B3D6B1 /* Category.swift in Sources */,
				492C65541D696C0E007D42BE /* CategoryTableViewCell.swift in Sources */,
				494366B61D6AB59900B3D6B1 /* Expense.swift in Sources */,
			);
			runOnlyForDeploymentPostprocessing = 0;
		};
/* End PBXSourcesBuildPhase section */

/* Begin PBXVariantGroup section */
		4940017D1D623A2B00E21ADC /* Main.storyboard */ = {
			isa = PBXVariantGroup;
			children = (
				4940017E1D623A2B00E21ADC /* Base */,
			);
			name = Main.storyboard;
			sourceTree = "<group>";
		};
		494001851D623A2B00E21ADC /* LaunchScreen.storyboard */ = {
			isa = PBXVariantGroup;
			children = (
				494001861D623A2B00E21ADC /* Base */,
			);
			name = LaunchScreen.storyboard;
			sourceTree = "<group>";
		};
/* End PBXVariantGroup section */

/* Begin XCBuildConfiguration section */
		494001891D623A2B00E21ADC /* Debug */ = {
			isa = XCBuildConfiguration;
			buildSettings = {
				ALWAYS_SEARCH_USER_PATHS = NO;
				CLANG_ANALYZER_NONNULL = YES;
				CLANG_CXX_LANGUAGE_STANDARD = "gnu++0x";
				CLANG_CXX_LIBRARY = "libc++";
				CLANG_ENABLE_MODULES = YES;
				CLANG_ENABLE_OBJC_ARC = YES;
				CLANG_WARN_BOOL_CONVERSION = YES;
				CLANG_WARN_CONSTANT_CONVERSION = YES;
				CLANG_WARN_DIRECT_OBJC_ISA_USAGE = YES_ERROR;
				CLANG_WARN_EMPTY_BODY = YES;
				CLANG_WARN_ENUM_CONVERSION = YES;
				CLANG_WARN_INFINITE_RECURSION = YES;
				CLANG_WARN_INT_CONVERSION = YES;
				CLANG_WARN_OBJC_ROOT_CLASS = YES_ERROR;
				CLANG_WARN_SUSPICIOUS_MOVE = YES;
				CLANG_WARN_UNREACHABLE_CODE = YES;
				CLANG_WARN__DUPLICATE_METHOD_MATCH = YES;
				"CODE_SIGN_IDENTITY[sdk=iphoneos*]" = "iPhone Developer";
				COPY_PHASE_STRIP = NO;
				DEBUG_INFORMATION_FORMAT = dwarf;
				ENABLE_STRICT_OBJC_MSGSEND = YES;
				ENABLE_TESTABILITY = YES;
				GCC_C_LANGUAGE_STANDARD = gnu99;
				GCC_DYNAMIC_NO_PIC = NO;
				GCC_NO_COMMON_BLOCKS = YES;
				GCC_OPTIMIZATION_LEVEL = 0;
				GCC_PREPROCESSOR_DEFINITIONS = (
					"DEBUG=1",
					"$(inherited)",
				);
				GCC_WARN_64_TO_32_BIT_CONVERSION = YES;
				GCC_WARN_ABOUT_RETURN_TYPE = YES_ERROR;
				GCC_WARN_UNDECLARED_SELECTOR = YES;
				GCC_WARN_UNINITIALIZED_AUTOS = YES_AGGRESSIVE;
				GCC_WARN_UNUSED_FUNCTION = YES;
				GCC_WARN_UNUSED_VARIABLE = YES;
				IPHONEOS_DEPLOYMENT_TARGET = 9.3;
				MTL_ENABLE_DEBUG_INFO = YES;
				ONLY_ACTIVE_ARCH = YES;
				SDKROOT = iphoneos;
				SWIFT_OPTIMIZATION_LEVEL = "-Onone";
			};
			name = Debug;
		};
		4940018A1D623A2B00E21ADC /* Release */ = {
			isa = XCBuildConfiguration;
			buildSettings = {
				ALWAYS_SEARCH_USER_PATHS = NO;
				CLANG_ANALYZER_NONNULL = YES;
				CLANG_CXX_LANGUAGE_STANDARD = "gnu++0x";
				CLANG_CXX_LIBRARY = "libc++";
				CLANG_ENABLE_MODULES = YES;
				CLANG_ENABLE_OBJC_ARC = YES;
				CLANG_WARN_BOOL_CONVERSION = YES;
				CLANG_WARN_CONSTANT_CONVERSION = YES;
				CLANG_WARN_DIRECT_OBJC_ISA_USAGE = YES_ERROR;
				CLANG_WARN_EMPTY_BODY = YES;
				CLANG_WARN_ENUM_CONVERSION = YES;
				CLANG_WARN_INFINITE_RECURSION = YES;
				CLANG_WARN_INT_CONVERSION = YES;
				CLANG_WARN_OBJC_ROOT_CLASS = YES_ERROR;
				CLANG_WARN_SUSPICIOUS_MOVE = YES;
				CLANG_WARN_UNREACHABLE_CODE = YES;
				CLANG_WARN__DUPLICATE_METHOD_MATCH = YES;
				"CODE_SIGN_IDENTITY[sdk=iphoneos*]" = "iPhone Developer";
				COPY_PHASE_STRIP = NO;
				DEBUG_INFORMATION_FORMAT = "dwarf-with-dsym";
				ENABLE_NS_ASSERTIONS = NO;
				ENABLE_STRICT_OBJC_MSGSEND = YES;
				GCC_C_LANGUAGE_STANDARD = gnu99;
				GCC_NO_COMMON_BLOCKS = YES;
				GCC_WARN_64_TO_32_BIT_CONVERSION = YES;
				GCC_WARN_ABOUT_RETURN_TYPE = YES_ERROR;
				GCC_WARN_UNDECLARED_SELECTOR = YES;
				GCC_WARN_UNINITIALIZED_AUTOS = YES_AGGRESSIVE;
				GCC_WARN_UNUSED_FUNCTION = YES;
				GCC_WARN_UNUSED_VARIABLE = YES;
				IPHONEOS_DEPLOYMENT_TARGET = 9.3;
				MTL_ENABLE_DEBUG_INFO = NO;
				SDKROOT = iphoneos;
				SWIFT_OPTIMIZATION_LEVEL = "-Owholemodule";
				VALIDATE_PRODUCT = YES;
			};
			name = Release;
		};
		4940018C1D623A2B00E21ADC /* Debug */ = {
			isa = XCBuildConfiguration;
			buildSettings = {
				ASSETCATALOG_COMPILER_APPICON_NAME = AppIcon;
				CODE_SIGN_IDENTITY = "iPhone Developer";
				DEVELOPMENT_TEAM = 53N4GUERHD;
				INFOPLIST_FILE = "Savers Sidekick/Info.plist";
				LD_RUNPATH_SEARCH_PATHS = "$(inherited) @executable_path/Frameworks";
				PRODUCT_BUNDLE_IDENTIFIER = "edu.umich.alexwass.Savers-Sidekick";
				PRODUCT_NAME = "$(TARGET_NAME)";
				SWIFT_VERSION = 3.0;
			};
			name = Debug;
		};
		4940018D1D623A2B00E21ADC /* Release */ = {
			isa = XCBuildConfiguration;
			buildSettings = {
				ASSETCATALOG_COMPILER_APPICON_NAME = AppIcon;
				CODE_SIGN_IDENTITY = "iPhone Developer";
				DEVELOPMENT_TEAM = 53N4GUERHD;
				INFOPLIST_FILE = "Savers Sidekick/Info.plist";
				LD_RUNPATH_SEARCH_PATHS = "$(inherited) @executable_path/Frameworks";
				PRODUCT_BUNDLE_IDENTIFIER = "edu.umich.alexwass.Savers-Sidekick";
				PRODUCT_NAME = "$(TARGET_NAME)";
				SWIFT_VERSION = 3.0;
			};
			name = Release;
		};
/* End XCBuildConfiguration section */

/* Begin XCConfigurationList section */
		494001711D623A2A00E21ADC /* Build configuration list for PBXProject "Savers Sidekick" */ = {
			isa = XCConfigurationList;
			buildConfigurations = (
				494001891D623A2B00E21ADC /* Debug */,
				4940018A1D623A2B00E21ADC /* Release */,
			);
			defaultConfigurationIsVisible = 0;
			defaultConfigurationName = Release;
		};
		4940018B1D623A2B00E21ADC /* Build configuration list for PBXNativeTarget "Savers Sidekick" */ = {
			isa = XCConfigurationList;
			buildConfigurations = (
				4940018C1D623A2B00E21ADC /* Debug */,
				4940018D1D623A2B00E21ADC /* Release */,
			);
			defaultConfigurationIsVisible = 0;
			defaultConfigurationName = Release;
		};
/* End XCConfigurationList section */

/* Begin XCVersionGroup section */
		494001801D623A2B00E21ADC /* Savers_Sidekick.xcdatamodeld */ = {
			isa = XCVersionGroup;
			children = (
				494001811D623A2B00E21ADC /* Savers_Sidekick.xcdatamodel */,
			);
			currentVersion = 494001811D623A2B00E21ADC /* Savers_Sidekick.xcdatamodel */;
			name = Savers_Sidekick.xcdatamodeld;
			path = "Savers Sidekick/Savers_Sidekick.xcdatamodeld";
			sourceTree = "<group>";
			versionGroupType = wrapper.xcdatamodel;
		};
/* End XCVersionGroup section */
	};
	rootObject = 4940016E1D623A2A00E21ADC /* Project object */;
}
